
Microsoft Visual Studio Solution File, Format Version 12.00
# Visual Studio 14
VisualStudioVersion = 14.0.23107.0
MinimumVisualStudioVersion = 10.0.40219.1
Project("{FAE04EC0-301F-11D3-BF4B-00C04F79EFBC}") = "ElevatorComfort", "ElevatorComfort.csproj", "{B9339801-ACB5-42FB-BBDD-02B41D1197FF}"
EndProject
Global
	GlobalSection(SolutionConfigurationPlatforms) = preSolution
		Debug|Any CPU = Debug|Any CPU
		Release|Any CPU = Release|Any CPU
	EndGlobalSection
	GlobalSection(ProjectConfigurationPlatforms) = postSolution
		{B9339801-ACB5-42FB-BBDD-02B41D1197FF}.Debug|Any CPU.ActiveCfg = Debug|Any CPU
		{B9339801-ACB5-42FB-BBDD-02B41D1197FF}.Debug|Any CPU.Build.0 = Debug|Any CPU
		{B9339801-ACB5-42FB-BBDD-02B41D1197FF}.Release|Any CPU.ActiveCfg = Release|Any CPU
		{B9339801-ACB5-42FB-BBDD-02B41D1197FF}.Release|Any CPU.Build.0 = Release|Any CPU
	EndGlobalSection
	GlobalSection(SolutionProperties) = preSolution
		HideSolutionNode = FALSE
	EndGlobalSection
EndGlobal
